{
  "object": {
    "pins": [
      {
        "package": "BigInt",
        "repositoryURL": "https://github.com/lorentey/BigInt.git",
        "state": {
          "branch": null,
          "revision": "e3879c569817a844ca2c54a9095c59e1d779cd5d",
          "version": "3.0.1"
        }
      },
      {
        "package": "CCurl",
        "repositoryURL": "https://github.com/IBM-Swift/CCurl.git",
        "state": {
          "branch": null,
          "revision": "2fbf646b215b87bc8b94409e5c171c585c5f940b",
          "version": "0.2.5"
        }
      },
      {
        "package": "CLibSodium",
        "repositoryURL": "https://github.com/Bouke/CLibSodium.git",
        "state": {
          "branch": null,
          "revision": "bd9df04fd210e445546b3b44767a4574b5f506b7",
          "version": "1.0.1"
        }
      },
      {
        "package": "CommonCrypto",
        "repositoryURL": "https://github.com/IBM-Swift/CommonCrypto.git",
        "state": {
          "branch": null,
          "revision": "9156d238dbc4c15455b77b45e721b2bb0b995e31",
          "version": "0.1.5"
        }
      },
      {
        "package": "Cryptor",
        "repositoryURL": "https://github.com/IBM-Swift/BlueCryptor.git",
        "state": {
          "branch": null,
          "revision": "8343677ebcce67930404c8863bdecd0030126dfe",
          "version": "0.8.18"
        }
      },
      {
        "package": "Evergreen",
        "repositoryURL": "https://github.com/knly/Evergreen.git",
        "state": {
          "branch": "swift4",
          "revision": "592849f8a8aa1a53c4620b512761afa6476d893c",
          "version": null
        }
      },
      {
        "package": "HKDF",
        "repositoryURL": "https://github.com/Bouke/HKDF.git",
        "state": {
          "branch": null,
          "revision": "31f2217e3a648cfac898af70cba4dc44724fcba4",
          "version": "3.0.1"
        }
      },
      {
        "package": "Kitura-net",
        "repositoryURL": "https://github.com/Bouke/Kitura-net.git",
        "state": {
          "branch": null,
          "revision": "61d60070d95bdacd02bfccf3dfeec20bd234bb66",
          "version": "1.7.0"
        }
      },
      {
        "package": "LoggerAPI",
        "repositoryURL": "https://github.com/IBM-Swift/LoggerAPI.git",
        "state": {
          "branch": null,
          "revision": "1e6f08edc71bf5386e52328acea0ec6e1b1d72a4",
          "version": "1.6.0"
        }
      },
      {
        "package": "SRP",
        "repositoryURL": "https://github.com/Bouke/SRP.git",
        "state": {
          "branch": null,
          "revision": "b166838d4cf9218933c03151d62e50772460f95e",
          "version": "3.0.1"
        }
      },
      {
        "package": "SSLService",
        "repositoryURL": "https://github.com/IBM-Swift/BlueSSLService.git",
        "state": {
          "branch": null,
          "revision": "7adf7cacc447d447df5dcc3058cabd402177c5aa",
          "version": "0.12.64"
        }
      },
      {
        "package": "SipHash",
        "repositoryURL": "https://github.com/attaswift/SipHash",
        "state": {
          "branch": null,
          "revision": "7b47e3f23a66770b1eb18e15e20546aad398c9dd",
          "version": "1.2.0"
        }
      },
      {
        "package": "Socket",
        "repositoryURL": "https://github.com/IBM-Swift/BlueSocket.git",
        "state": {
          "branch": null,
          "revision": "00b126a2c19520bbf51cd26e8c0cc41dacbc5a05",
          "version": "0.12.76"
        }
      }
    ]
  },
  "version": 1
}
